
Microsoft Visual Studio Solution File, Format Version 12.00
# Visual Studio Version 16
VisualStudioVersion = 16.0.30907.101
MinimumVisualStudioVersion = 10.0.40219.1
Project("{9A19103F-16F7-4668-BE54-9A1E7A4F7556}") = "DevIO.Business", "src\DevIO.Business\DevIO.Business.csproj", "{AF2A1944-A79D-43B5-8355-98FEBE730EAA}"
EndProject
Project("{FAE04EC0-301F-11D3-BF4B-00C04F79EFBC}") = "DevIO.Api", "src\DevIO.Api\DevIO.Api.csproj", "{9AFCB708-3A5C-41A3-9142-F925EF4ED8CE}"
EndProject
Project("{9A19103F-16F7-4668-BE54-9A1E7A4F7556}") = "DevIO.Data", "src\DevIO.Data\DevIO.Data.csproj", "{91CC1BE0-9992-4190-B680-FE220859751B}"
EndProject
Global
	GlobalSection(SolutionConfigurationPlatforms) = preSolution
		Debug|Any CPU = Debug|Any CPU
		Release|Any CPU = Release|Any CPU
	EndGlobalSection
	GlobalSection(ProjectConfigurationPlatforms) = postSolution
		{AF2A1944-A79D-43B5-8355-98FEBE730EAA}.Debug|Any CPU.ActiveCfg = Debug|Any CPU
		{AF2A1944-A79D-43B5-8355-98FEBE730EAA}.Debug|Any CPU.Build.0 = Debug|Any CPU
		{AF2A1944-A79D-43B5-8355-98FEBE730EAA}.Release|Any CPU.ActiveCfg = Release|Any CPU
		{AF2A1944-A79D-43B5-8355-98FEBE730EAA}.Release|Any CPU.Build.0 = Release|Any CPU
		{9AFCB708-3A5C-41A3-9142-F925EF4ED8CE}.Debug|Any CPU.ActiveCfg = Debug|Any CPU
		{9AFCB708-3A5C-41A3-9142-F925EF4ED8CE}.Debug|Any CPU.Build.0 = Debug|Any CPU
		{9AFCB708-3A5C-41A3-9142-F925EF4ED8CE}.Release|Any CPU.ActiveCfg = Release|Any CPU
		{9AFCB708-3A5C-41A3-9142-F925EF4ED8CE}.Release|Any CPU.Build.0 = Release|Any CPU
		{91CC1BE0-9992-4190-B680-FE220859751B}.Debug|Any CPU.ActiveCfg = Debug|Any CPU
		{91CC1BE0-9992-4190-B680-FE220859751B}.Debug|Any CPU.Build.0 = Debug|Any CPU
		{91CC1BE0-9992-4190-B680-FE220859751B}.Release|Any CPU.ActiveCfg = Release|Any CPU
		{91CC1BE0-9992-4190-B680-FE220859751B}.Release|Any CPU.Build.0 = Release|Any CPU
	EndGlobalSection
	GlobalSection(SolutionProperties) = preSolution
		HideSolutionNode = FALSE
	EndGlobalSection
	GlobalSection(ExtensibilityGlobals) = postSolution
		SolutionGuid = {6D638F3B-F752-489C-AE99-AFE26CEED915}
	EndGlobalSection
EndGlobal
